
Microsoft Visual Studio Solution File, Format Version 12.00
# Visual Studio Version 16
VisualStudioVersion = 16.0.31205.134
MinimumVisualStudioVersion = 10.0.40219.1
Project("{9A19103F-16F7-4668-BE54-9A1E7A4F7556}") = "Curve25519", "Curve25519\Curve25519.csproj", "{8501804F-2C32-4F80-9478-237F0ACC96FD}"
EndProject
Project("{9A19103F-16F7-4668-BE54-9A1E7A4F7556}") = "Curve25519.Tests", "Curve25519.Tests\Curve25519.Tests.csproj", "{03F53FD2-F744-4BCB-9742-71B8BA3EB3C8}"
EndProject
Project("{9A19103F-16F7-4668-BE54-9A1E7A4F7556}") = "Curve25519.Example", "Curve25519.Example\Curve25519.Example.csproj", "{05F4BBCA-EE14-48B1-AC37-3EA7526F4D03}"
EndProject
Project("{2150E333-8FDC-42A3-9474-1A3956D46DE8}") = "Solution Items", "Solution Items", "{96953309-D9CC-45E2-A3DB-C35D99FACD3C}"
	ProjectSection(SolutionItems) = preProject
		.gitattributes = .gitattributes
		.gitignore = .gitignore
		LICENSE = LICENSE
		README.md = README.md
	EndProjectSection
EndProject
Global
	GlobalSection(SolutionConfigurationPlatforms) = preSolution
		Debug|Any CPU = Debug|Any CPU
		Release|Any CPU = Release|Any CPU
	EndGlobalSection
	GlobalSection(ProjectConfigurationPlatforms) = postSolution
		{8501804F-2C32-4F80-9478-237F0ACC96FD}.Debug|Any CPU.ActiveCfg = Debug|Any CPU
		{8501804F-2C32-4F80-9478-237F0ACC96FD}.Debug|Any CPU.Build.0 = Debug|Any CPU
		{8501804F-2C32-4F80-9478-237F0ACC96FD}.Release|Any CPU.ActiveCfg = Release|Any CPU
		{8501804F-2C32-4F80-9478-237F0ACC96FD}.Release|Any CPU.Build.0 = Release|Any CPU
		{03F53FD2-F744-4BCB-9742-71B8BA3EB3C8}.Debug|Any CPU.ActiveCfg = Debug|Any CPU
		{03F53FD2-F744-4BCB-9742-71B8BA3EB3C8}.Debug|Any CPU.Build.0 = Debug|Any CPU
		{03F53FD2-F744-4BCB-9742-71B8BA3EB3C8}.Release|Any CPU.ActiveCfg = Release|Any CPU
		{03F53FD2-F744-4BCB-9742-71B8BA3EB3C8}.Release|Any CPU.Build.0 = Release|Any CPU
		{05F4BBCA-EE14-48B1-AC37-3EA7526F4D03}.Debug|Any CPU.ActiveCfg = Debug|Any CPU
		{05F4BBCA-EE14-48B1-AC37-3EA7526F4D03}.Debug|Any CPU.Build.0 = Debug|Any CPU
		{05F4BBCA-EE14-48B1-AC37-3EA7526F4D03}.Release|Any CPU.ActiveCfg = Release|Any CPU
		{05F4BBCA-EE14-48B1-AC37-3EA7526F4D03}.Release|Any CPU.Build.0 = Release|Any CPU
	EndGlobalSection
	GlobalSection(SolutionProperties) = preSolution
		HideSolutionNode = FALSE
	EndGlobalSection
	GlobalSection(ExtensibilityGlobals) = postSolution
		SolutionGuid = {77B3DF92-B17A-41BD-9954-D0376A511ADF}
	EndGlobalSection
EndGlobal
